lockfileVersion: 5.3

specifiers:
  '@tsconfig/svelte': ^2.0.1
  esbuild: ^0.12.24
  typescript: ^4.4.2

devDependencies:
  '@tsconfig/svelte': 2.0.1
  esbuild: 0.12.24
  typescript: 4.4.2

packages:

  /@tsconfig/svelte/2.0.1:
    resolution: {integrity: sha512-aqkICXbM1oX5FfgZd2qSSAGdyo/NRxjWCamxoyi3T8iVQnzGge19HhDYzZ6NrVOW7bhcWNSq9XexWFtMzbB24A==}
    dev: true

  /esbuild/0.12.24:
    resolution: {integrity: sha512-C0ibY+HsXzYB6L/pLWEiWjMpghKsIc58Q5yumARwBQsHl9DXPakW+5NI/Y9w4YXiz0PEP6XTGTT/OV4Nnsmb4A==}
    hasBin: true
    requiresBuild: true
    dev: true

  /typescript/4.4.2:
    resolution: {integrity: sha512-gzP+t5W4hdy4c+68bfcv0t400HVJMMd2+H9B7gae1nQlBzCqvrXX+6GL/b3GAgyTH966pzrZ70/fRjwAtZksSQ==}
    engines: {node: '>=4.2.0'}
    hasBin: true
    dev: true
